
Microsoft Visual Studio Solution File, Format Version 12.00
# Visual Studio Version 17
VisualStudioVersion = 17.2.32616.157
MinimumVisualStudioVersion = 10.0.40219.1
Project("{FAE04EC0-301F-11D3-BF4B-00C04F79EFBC}") = "maturski rad", "maturski rad.csproj", "{6DA791B6-9A8D-44CD-BBCD-5BB1D9B754A1}"
EndProject
Global
	GlobalSection(SolutionConfigurationPlatforms) = preSolution
		Debug|Any CPU = Debug|Any CPU
		Release|Any CPU = Release|Any CPU
	EndGlobalSection
	GlobalSection(ProjectConfigurationPlatforms) = postSolution
		{6DA791B6-9A8D-44CD-BBCD-5BB1D9B754A1}.Debug|Any CPU.ActiveCfg = Debug|Any CPU
		{6DA791B6-9A8D-44CD-BBCD-5BB1D9B754A1}.Debug|Any CPU.Build.0 = Debug|Any CPU
		{6DA791B6-9A8D-44CD-BBCD-5BB1D9B754A1}.Release|Any CPU.ActiveCfg = Release|Any CPU
		{6DA791B6-9A8D-44CD-BBCD-5BB1D9B754A1}.Release|Any CPU.Build.0 = Release|Any CPU
	EndGlobalSection
	GlobalSection(SolutionProperties) = preSolution
		HideSolutionNode = FALSE
	EndGlobalSection
	GlobalSection(ExtensibilityGlobals) = postSolution
		SolutionGuid = {FB12CECC-B4C1-4BEB-A4AC-8ECBC2ECCC18}
	EndGlobalSection
EndGlobal
